
Microsoft Visual Studio Solution File, Format Version 12.00
# Visual Studio Version 16
VisualStudioVersion = 16.0.30907.101
MinimumVisualStudioVersion = 10.0.40219.1
Project("{8BC9CEB8-8B4A-11D0-8D11-00A0C91BC942}") = "game_threechess", "game_threechess.vcxproj", "{6E324F37-1251-41F7-8424-45E27978169E}"
EndProject
Global
	GlobalSection(SolutionConfigurationPlatforms) = preSolution
		Debug|x64 = Debug|x64
		Debug|x86 = Debug|x86
		Release|x64 = Release|x64
		Release|x86 = Release|x86
	EndGlobalSection
	GlobalSection(ProjectConfigurationPlatforms) = postSolution
		{6E324F37-1251-41F7-8424-45E27978169E}.Debug|x64.ActiveCfg = Debug|x64
		{6E324F37-1251-41F7-8424-45E27978169E}.Debug|x64.Build.0 = Debug|x64
		{6E324F37-1251-41F7-8424-45E27978169E}.Debug|x86.ActiveCfg = Debug|Win32
		{6E324F37-1251-41F7-8424-45E27978169E}.Debug|x86.Build.0 = Debug|Win32
		{6E324F37-1251-41F7-8424-45E27978169E}.Release|x64.ActiveCfg = Release|x64
		{6E324F37-1251-41F7-8424-45E27978169E}.Release|x64.Build.0 = Release|x64
		{6E324F37-1251-41F7-8424-45E27978169E}.Release|x86.ActiveCfg = Release|Win32
		{6E324F37-1251-41F7-8424-45E27978169E}.Release|x86.Build.0 = Release|Win32
	EndGlobalSection
	GlobalSection(SolutionProperties) = preSolution
		HideSolutionNode = FALSE
	EndGlobalSection
	GlobalSection(ExtensibilityGlobals) = postSolution
		SolutionGuid = {8520BD07-5CB2-4DF6-AB0C-01BAD9A68C83}
	EndGlobalSection
EndGlobal
