
Microsoft Visual Studio Solution File, Format Version 12.00
# Visual Studio Version 16
VisualStudioVersion = 16.0.31205.134
MinimumVisualStudioVersion = 10.0.40219.1
Project("{8BC9CEB8-8B4A-11D0-8D11-00A0C91BC942}") = "051001_指针1", "051001_指针1.vcxproj", "{2B13B296-A090-4F0C-8F24-5E71A3F6789E}"
EndProject
Global
	GlobalSection(SolutionConfigurationPlatforms) = preSolution
		Debug|x64 = Debug|x64
		Debug|x86 = Debug|x86
		Release|x64 = Release|x64
		Release|x86 = Release|x86
	EndGlobalSection
	GlobalSection(ProjectConfigurationPlatforms) = postSolution
		{2B13B296-A090-4F0C-8F24-5E71A3F6789E}.Debug|x64.ActiveCfg = Debug|x64
		{2B13B296-A090-4F0C-8F24-5E71A3F6789E}.Debug|x64.Build.0 = Debug|x64
		{2B13B296-A090-4F0C-8F24-5E71A3F6789E}.Debug|x86.ActiveCfg = Debug|Win32
		{2B13B296-A090-4F0C-8F24-5E71A3F6789E}.Debug|x86.Build.0 = Debug|Win32
		{2B13B296-A090-4F0C-8F24-5E71A3F6789E}.Release|x64.ActiveCfg = Release|x64
		{2B13B296-A090-4F0C-8F24-5E71A3F6789E}.Release|x64.Build.0 = Release|x64
		{2B13B296-A090-4F0C-8F24-5E71A3F6789E}.Release|x86.ActiveCfg = Release|Win32
		{2B13B296-A090-4F0C-8F24-5E71A3F6789E}.Release|x86.Build.0 = Release|Win32
	EndGlobalSection
	GlobalSection(SolutionProperties) = preSolution
		HideSolutionNode = FALSE
	EndGlobalSection
	GlobalSection(ExtensibilityGlobals) = postSolution
		SolutionGuid = {7E911E00-7F08-44A6-AC3B-A41F18580976}
	EndGlobalSection
EndGlobal
